
Microsoft Visual Studio Solution File, Format Version 12.00
# Visual Studio Version 17
VisualStudioVersion = 17.14.36109.1
MinimumVisualStudioVersion = 10.0.40219.1
Project("{FAE04EC0-301F-11D3-BF4B-00C04F79EFBC}") = "KnowledgeSpace.BackendServer", "src\KnowledgeSpace.BackendServer\KnowledgeSpace.BackendServer.csproj", "{54B7518B-3601-47BD-A7C7-D4259A530148}"
EndProject
Project("{FAE04EC0-301F-11D3-BF4B-00C04F79EFBC}") = "KnowledgeSpace.WebPortal", "src\KnowledgeSpace.WebPortal\KnowledgeSpace.WebPortal.csproj", "{9B4A8E49-BD66-46C2-8F75-08DEC8CCC224}"
EndProject
Project("{FAE04EC0-301F-11D3-BF4B-00C04F79EFBC}") = "KnowledgeSpace.ViewModels", "src\KnowledgeSpace.ViewModels\KnowledgeSpace.ViewModels.csproj", "{2C8F10C2-BF43-4530-B125-B6B7F83F897B}"
EndProject
Global
	GlobalSection(SolutionConfigurationPlatforms) = preSolution
		Debug|Any CPU = Debug|Any CPU
		Release|Any CPU = Release|Any CPU
	EndGlobalSection
	GlobalSection(ProjectConfigurationPlatforms) = postSolution
		{54B7518B-3601-47BD-A7C7-D4259A530148}.Debug|Any CPU.ActiveCfg = Debug|Any CPU
		{54B7518B-3601-47BD-A7C7-D4259A530148}.Debug|Any CPU.Build.0 = Debug|Any CPU
		{54B7518B-3601-47BD-A7C7-D4259A530148}.Release|Any CPU.ActiveCfg = Release|Any CPU
		{54B7518B-3601-47BD-A7C7-D4259A530148}.Release|Any CPU.Build.0 = Release|Any CPU
		{9B4A8E49-BD66-46C2-8F75-08DEC8CCC224}.Debug|Any CPU.ActiveCfg = Debug|Any CPU
		{9B4A8E49-BD66-46C2-8F75-08DEC8CCC224}.Debug|Any CPU.Build.0 = Debug|Any CPU
		{9B4A8E49-BD66-46C2-8F75-08DEC8CCC224}.Release|Any CPU.ActiveCfg = Release|Any CPU
		{9B4A8E49-BD66-46C2-8F75-08DEC8CCC224}.Release|Any CPU.Build.0 = Release|Any CPU
		{2C8F10C2-BF43-4530-B125-B6B7F83F897B}.Debug|Any CPU.ActiveCfg = Debug|Any CPU
		{2C8F10C2-BF43-4530-B125-B6B7F83F897B}.Debug|Any CPU.Build.0 = Debug|Any CPU
		{2C8F10C2-BF43-4530-B125-B6B7F83F897B}.Release|Any CPU.ActiveCfg = Release|Any CPU
		{2C8F10C2-BF43-4530-B125-B6B7F83F897B}.Release|Any CPU.Build.0 = Release|Any CPU
	EndGlobalSection
	GlobalSection(SolutionProperties) = preSolution
		HideSolutionNode = FALSE
	EndGlobalSection
	GlobalSection(ExtensibilityGlobals) = postSolution
		SolutionGuid = {1B03EC4D-EBFF-4CDF-B2D7-5E8FB3871E63}
	EndGlobalSection
EndGlobal
